
Microsoft Visual Studio Solution File, Format Version 12.00
# Visual Studio Version 16
VisualStudioVersion = 16.0.29519.87
MinimumVisualStudioVersion = 10.0.40219.1
Project("{9A19103F-16F7-4668-BE54-9A1E7A4F7556}") = "mastergreen", "mastergreen.csproj", "{CE7FE454-B511-469A-8F80-6543B0E5C48E}"
EndProject
Project("{FAE04EC0-301F-11D3-BF4B-00C04F79EFBC}") = "TheGardener", "TheGardener\TheGardener.csproj", "{38EDD521-344C-4B00-ADAC-7F2ADF47B04E}"
EndProject
Global
	GlobalSection(SolutionConfigurationPlatforms) = preSolution
		Debug|Any CPU = Debug|Any CPU
		Release|Any CPU = Release|Any CPU
	EndGlobalSection
	GlobalSection(ProjectConfigurationPlatforms) = postSolution
		{CE7FE454-B511-469A-8F80-6543B0E5C48E}.Debug|Any CPU.ActiveCfg = Debug|Any CPU
		{CE7FE454-B511-469A-8F80-6543B0E5C48E}.Debug|Any CPU.Build.0 = Debug|Any CPU
		{CE7FE454-B511-469A-8F80-6543B0E5C48E}.Release|Any CPU.ActiveCfg = Release|Any CPU
		{CE7FE454-B511-469A-8F80-6543B0E5C48E}.Release|Any CPU.Build.0 = Release|Any CPU
		{38EDD521-344C-4B00-ADAC-7F2ADF47B04E}.Debug|Any CPU.ActiveCfg = Debug|Any CPU
		{38EDD521-344C-4B00-ADAC-7F2ADF47B04E}.Debug|Any CPU.Build.0 = Debug|Any CPU
		{38EDD521-344C-4B00-ADAC-7F2ADF47B04E}.Release|Any CPU.ActiveCfg = Release|Any CPU
		{38EDD521-344C-4B00-ADAC-7F2ADF47B04E}.Release|Any CPU.Build.0 = Release|Any CPU
	EndGlobalSection
	GlobalSection(SolutionProperties) = preSolution
		HideSolutionNode = FALSE
	EndGlobalSection
	GlobalSection(ExtensibilityGlobals) = postSolution
		SolutionGuid = {8B3CE43C-3C31-4EED-8D84-F47C6355CE3A}
	EndGlobalSection
EndGlobal
